// !$*UTF8*$!
{
	archiveVersion = 1;
	classes = {
	};
	objectVersion = 56;
	objects = {

/* Begin PBXBuildFile section */
		6B4795572B5DB6C3004A834D /* MogBattleApp.swift in Sources */ = {isa = PBXBuildFile; fileRef = 6B4795562B5DB6C3004A834D /* MogBattleApp.swift */; };
		6B4795592B5DB6C3004A834D /* ContentView.swift in Sources */ = {isa = PBXBuildFile; fileRef = 6B4795582B5DB6C3004A834D /* ContentView.swift */; };
		6B47955B2B5DB6C5004A834D /* Assets.xcassets in Resources */ = {isa = PBXBuildFile; fileRef = 6B47955A2B5DB6C5004A834D /* Assets.xcassets */; };
		6B47955E2B5DB6C5004A834D /* Preview Assets.xcassets in Resources */ = {isa = PBXBuildFile; fileRef = 6B47955D2B5DB6C5004A834D /* Preview Assets.xcassets */; };
		6B4795682B5DB6C6004A834D /* MogBattleTests.swift in Sources */ = {isa = PBXBuildFile; fileRef = 6B4795672B5DB6C6004A834D /* MogBattleTests.swift */; };
		6B4795722B5DB6C6004A834D /* MogBattleUITests.swift in Sources */ = {isa = PBXBuildFile; fileRef = 6B4795712B5DB6C6004A834D /* MogBattleUITests.swift */; };
		6B4795742B5DB6C6004A834D /* MogBattleUITestsLaunchTests.swift in Sources */ = {isa = PBXBuildFile; fileRef = 6B4795732B5DB6C6004A834D /* MogBattleUITestsLaunchTests.swift */; };
		6B4795882B5DB765004A834D /* SignupView.swift in Sources */ = {isa = PBXBuildFile; fileRef = 6B4795872B5DB765004A834D /* SignupView.swift */; };
		6B47958A2B5DB805004A834D /* InputView.swift in Sources */ = {isa = PBXBuildFile; fileRef = 6B4795892B5DB805004A834D /* InputView.swift */; };
		6B47958D2B5DC243004A834D /* Validator.swift in Sources */ = {isa = PBXBuildFile; fileRef = 6B47958C2B5DC243004A834D /* Validator.swift */; };
		6B47958F2B5DECD7004A834D /* SignupPasswordView.swift in Sources */ = {isa = PBXBuildFile; fileRef = 6B47958E2B5DECD7004A834D /* SignupPasswordView.swift */; };
		6B4795952B62D0E6004A834D /* GoogleService-Info.plist in Resources */ = {isa = PBXBuildFile; fileRef = 6B4795942B62D0E6004A834D /* GoogleService-Info.plist */; };
		6B4795982B62D2A9004A834D /* FirebaseAuth in Frameworks */ = {isa = PBXBuildFile; productRef = 6B4795972B62D2A9004A834D /* FirebaseAuth */; };
		6B47959A2B62D2A9004A834D /* FirebaseFirestore in Frameworks */ = {isa = PBXBuildFile; productRef = 6B4795992B62D2A9004A834D /* FirebaseFirestore */; };
		6B47959C2B62D2A9004A834D /* FirebaseFirestoreSwift in Frameworks */ = {isa = PBXBuildFile; productRef = 6B47959B2B62D2A9004A834D /* FirebaseFirestoreSwift */; };
		6B47959E2B62D2A9004A834D /* FirebaseStorage in Frameworks */ = {isa = PBXBuildFile; productRef = 6B47959D2B62D2A9004A834D /* FirebaseStorage */; };
		6B4795A22B62D316004A834D /* AuthViewModel.swift in Sources */ = {isa = PBXBuildFile; fileRef = 6B4795A12B62D316004A834D /* AuthViewModel.swift */; };
		6B4795A42B62D485004A834D /* SignupUsernameView.swift in Sources */ = {isa = PBXBuildFile; fileRef = 6B4795A32B62D485004A834D /* SignupUsernameView.swift */; };
		6B4795A62B62D8F3004A834D /* LoginView.swift in Sources */ = {isa = PBXBuildFile; fileRef = 6B4795A52B62D8F3004A834D /* LoginView.swift */; };
		6B4795A82B62DA05004A834D /* NavButton.swift in Sources */ = {isa = PBXBuildFile; fileRef = 6B4795A72B62DA05004A834D /* NavButton.swift */; };
		6B4795AA2B62DF2A004A834D /* StartscreenView.swift in Sources */ = {isa = PBXBuildFile; fileRef = 6B4795A92B62DF2A004A834D /* StartscreenView.swift */; };
		6B88C7442B62F63700371317 /* User.swift in Sources */ = {isa = PBXBuildFile; fileRef = 6B88C7432B62F63700371317 /* User.swift */; };
		6B88C7492B6319E000371317 /* ProfileView.swift in Sources */ = {isa = PBXBuildFile; fileRef = 6B88C7482B6319E000371317 /* ProfileView.swift */; };
		6B88C74D2B6331DE00371317 /* ValidationNotificationView.swift in Sources */ = {isa = PBXBuildFile; fileRef = 6B88C74C2B6331DE00371317 /* ValidationNotificationView.swift */; };
		6B88C7502B6402F300371317 /* VotingView.swift in Sources */ = {isa = PBXBuildFile; fileRef = 6B88C74F2B6402F300371317 /* VotingView.swift */; };
		6B88C7542B6577E100371317 /* ImagePicker.swift in Sources */ = {isa = PBXBuildFile; fileRef = 6B88C7532B6577E100371317 /* ImagePicker.swift */; };
		6B88C7582B65A9BF00371317 /* StaticUIView.swift in Sources */ = {isa = PBXBuildFile; fileRef = 6B88C7572B65A9BF00371317 /* StaticUIView.swift */; };
/* End PBXBuildFile section */

/* Begin PBXContainerItemProxy section */
		6B4795642B5DB6C6004A834D /* PBXContainerItemProxy */ = {
			isa = PBXContainerItemProxy;
			containerPortal = 6B47954B2B5DB6C3004A834D /* Project object */;
			proxyType = 1;
			remoteGlobalIDString = 6B4795522B5DB6C3004A834D;
			remoteInfo = MogBattle;
		};
		6B47956E2B5DB6C6004A834D /* PBXContainerItemProxy */ = {
			isa = PBXContainerItemProxy;
			containerPortal = 6B47954B2B5DB6C3004A834D /* Project object */;
			proxyType = 1;
			remoteGlobalIDString = 6B4795522B5DB6C3004A834D;
			remoteInfo = MogBattle;
		};
/* End PBXContainerItemProxy section */

/* Begin PBXFileReference section */
		6B4795532B5DB6C3004A834D /* MogBattle.app */ = {isa = PBXFileReference; explicitFileType = wrapper.application; includeInIndex = 0; path = MogBattle.app; sourceTree = BUILT_PRODUCTS_DIR; };
		6B4795562B5DB6C3004A834D /* MogBattleApp.swift */ = {isa = PBXFileReference; lastKnownFileType = sourcecode.swift; path = MogBattleApp.swift; sourceTree = "<group>"; };
		6B4795582B5DB6C3004A834D /* ContentView.swift */ = {isa = PBXFileReference; lastKnownFileType = sourcecode.swift; path = ContentView.swift; sourceTree = "<group>"; };
		6B47955A2B5DB6C5004A834D /* Assets.xcassets */ = {isa = PBXFileReference; lastKnownFileType = folder.assetcatalog; path = Assets.xcassets; sourceTree = "<group>"; };
		6B47955D2B5DB6C5004A834D /* Preview Assets.xcassets */ = {isa = PBXFileReference; lastKnownFileType = folder.assetcatalog; path = "Preview Assets.xcassets"; sourceTree = "<group>"; };
		6B4795632B5DB6C6004A834D /* MogBattleTests.xctest */ = {isa = PBXFileReference; explicitFileType = wrapper.cfbundle; includeInIndex = 0; path = MogBattleTests.xctest; sourceTree = BUILT_PRODUCTS_DIR; };
		6B4795672B5DB6C6004A834D /* MogBattleTests.swift */ = {isa = PBXFileReference; lastKnownFileType = sourcecode.swift; path = MogBattleTests.swift; sourceTree = "<group>"; };
		6B47956D2B5DB6C6004A834D /* MogBattleUITests.xctest */ = {isa = PBXFileReference; explicitFileType = wrapper.cfbundle; includeInIndex = 0; path = MogBattleUITests.xctest; sourceTree = BUILT_PRODUCTS_DIR; };
		6B4795712B5DB6C6004A834D /* MogBattleUITests.swift */ = {isa = PBXFileReference; lastKnownFileType = sourcecode.swift; path = MogBattleUITests.swift; sourceTree = "<group>"; };
		6B4795732B5DB6C6004A834D /* MogBattleUITestsLaunchTests.swift */ = {isa = PBXFileReference; lastKnownFileType = sourcecode.swift; path = MogBattleUITestsLaunchTests.swift; sourceTree = "<group>"; };
		6B4795872B5DB765004A834D /* SignupView.swift */ = {isa = PBXFileReference; lastKnownFileType = sourcecode.swift; path = SignupView.swift; sourceTree = "<group>"; };
		6B4795892B5DB805004A834D /* InputView.swift */ = {isa = PBXFileReference; lastKnownFileType = sourcecode.swift; path = InputView.swift; sourceTree = "<group>"; };
		6B47958C2B5DC243004A834D /* Validator.swift */ = {isa = PBXFileReference; lastKnownFileType = sourcecode.swift; path = Validator.swift; sourceTree = "<group>"; };
		6B47958E2B5DECD7004A834D /* SignupPasswordView.swift */ = {isa = PBXFileReference; lastKnownFileType = sourcecode.swift; path = SignupPasswordView.swift; sourceTree = "<group>"; };
		6B4795942B62D0E6004A834D /* GoogleService-Info.plist */ = {isa = PBXFileReference; fileEncoding = 4; lastKnownFileType = text.plist.xml; name = "GoogleService-Info.plist"; path = "../../../../Downloads/GoogleService-Info.plist"; sourceTree = "<group>"; };
		6B4795A12B62D316004A834D /* AuthViewModel.swift */ = {isa = PBXFileReference; lastKnownFileType = sourcecode.swift; path = AuthViewModel.swift; sourceTree = "<group>"; };
		6B4795A32B62D485004A834D /* SignupUsernameView.swift */ = {isa = PBXFileReference; lastKnownFileType = sourcecode.swift; path = SignupUsernameView.swift; sourceTree = "<group>"; };
		6B4795A52B62D8F3004A834D /* LoginView.swift */ = {isa = PBXFileReference; lastKnownFileType = sourcecode.swift; path = LoginView.swift; sourceTree = "<group>"; };
		6B4795A72B62DA05004A834D /* NavButton.swift */ = {isa = PBXFileReference; lastKnownFileType = sourcecode.swift; path = NavButton.swift; sourceTree = "<group>"; };
		6B4795A92B62DF2A004A834D /* StartscreenView.swift */ = {isa = PBXFileReference; lastKnownFileType = sourcecode.swift; path = StartscreenView.swift; sourceTree = "<group>"; };
		6B88C7432B62F63700371317 /* User.swift */ = {isa = PBXFileReference; lastKnownFileType = sourcecode.swift; path = User.swift; sourceTree = "<group>"; };
		6B88C7482B6319E000371317 /* ProfileView.swift */ = {isa = PBXFileReference; lastKnownFileType = sourcecode.swift; path = ProfileView.swift; sourceTree = "<group>"; };
		6B88C74C2B6331DE00371317 /* ValidationNotificationView.swift */ = {isa = PBXFileReference; lastKnownFileType = sourcecode.swift; path = ValidationNotificationView.swift; sourceTree = "<group>"; };
		6B88C74F2B6402F300371317 /* VotingView.swift */ = {isa = PBXFileReference; lastKnownFileType = sourcecode.swift; path = VotingView.swift; sourceTree = "<group>"; };
		6B88C7532B6577E100371317 /* ImagePicker.swift */ = {isa = PBXFileReference; lastKnownFileType = sourcecode.swift; path = ImagePicker.swift; sourceTree = "<group>"; };
		6B88C7572B65A9BF00371317 /* StaticUIView.swift */ = {isa = PBXFileReference; lastKnownFileType = sourcecode.swift; path = StaticUIView.swift; sourceTree = "<group>"; };
/* End PBXFileReference section */

/* Begin PBXFrameworksBuildPhase section */
		6B4795502B5DB6C3004A834D /* Frameworks */ = {
			isa = PBXFrameworksBuildPhase;
			buildActionMask = 2147483647;
			files = (
				6B4795982B62D2A9004A834D /* FirebaseAuth in Frameworks */,
				6B47959E2B62D2A9004A834D /* FirebaseStorage in Frameworks */,
				6B47959A2B62D2A9004A834D /* FirebaseFirestore in Frameworks */,
				6B47959C2B62D2A9004A834D /* FirebaseFirestoreSwift in Frameworks */,
			);
			runOnlyForDeploymentPostprocessing = 0;
		};
		6B4795602B5DB6C6004A834D /* Frameworks */ = {
			isa = PBXFrameworksBuildPhase;
			buildActionMask = 2147483647;
			files = (
			);
			runOnlyForDeploymentPostprocessing = 0;
		};
		6B47956A2B5DB6C6004A834D /* Frameworks */ = {
			isa = PBXFrameworksBuildPhase;
			buildActionMask = 2147483647;
			files = (
			);
			runOnlyForDeploymentPostprocessing = 0;
		};
/* End PBXFrameworksBuildPhase section */

/* Begin PBXGroup section */
		6B47954A2B5DB6C3004A834D = {
			isa = PBXGroup;
			children = (
				6B4795552B5DB6C3004A834D /* MogBattle */,
				6B4795662B5DB6C6004A834D /* MogBattleTests */,
				6B4795702B5DB6C6004A834D /* MogBattleUITests */,
				6B4795542B5DB6C3004A834D /* Products */,
			);
			sourceTree = "<group>";
		};
		6B4795542B5DB6C3004A834D /* Products */ = {
			isa = PBXGroup;
			children = (
				6B4795532B5DB6C3004A834D /* MogBattle.app */,
				6B4795632B5DB6C6004A834D /* MogBattleTests.xctest */,
				6B47956D2B5DB6C6004A834D /* MogBattleUITests.xctest */,
			);
			name = Products;
			sourceTree = "<group>";
		};
		6B4795552B5DB6C3004A834D /* MogBattle */ = {
			isa = PBXGroup;
			children = (
				6B4795942B62D0E6004A834D /* GoogleService-Info.plist */,
				6B4795832B5DB6F4004A834D /* Model */,
				6B4795822B5DB6ED004A834D /* App */,
				6B4795812B5DB6D5004A834D /* Components */,
				6B4795802B5DB6CE004A834D /* Core */,
				6B47955A2B5DB6C5004A834D /* Assets.xcassets */,
				6B47955C2B5DB6C5004A834D /* Preview Content */,
			);
			path = MogBattle;
			sourceTree = "<group>";
		};
		6B47955C2B5DB6C5004A834D /* Preview Content */ = {
			isa = PBXGroup;
			children = (
				6B47955D2B5DB6C5004A834D /* Preview Assets.xcassets */,
			);
			path = "Preview Content";
			sourceTree = "<group>";
		};
		6B4795662B5DB6C6004A834D /* MogBattleTests */ = {
			isa = PBXGroup;
			children = (
				6B4795672B5DB6C6004A834D /* MogBattleTests.swift */,
			);
			path = MogBattleTests;
			sourceTree = "<group>";
		};
		6B4795702B5DB6C6004A834D /* MogBattleUITests */ = {
			isa = PBXGroup;
			children = (
				6B4795712B5DB6C6004A834D /* MogBattleUITests.swift */,
				6B4795732B5DB6C6004A834D /* MogBattleUITestsLaunchTests.swift */,
			);
			path = MogBattleUITests;
			sourceTree = "<group>";
		};
		6B4795802B5DB6CE004A834D /* Core */ = {
			isa = PBXGroup;
			children = (
				6B88C7552B65A99100371317 /* Functionality */,
				6B4795852B5DB73A004A834D /* Authentication */,
				6B4795842B5DB703004A834D /* Root */,
			);
			path = Core;
			sourceTree = "<group>";
		};
		6B4795812B5DB6D5004A834D /* Components */ = {
			isa = PBXGroup;
			children = (
				6B88C7572B65A9BF00371317 /* StaticUIView.swift */,
				6B88C7532B6577E100371317 /* ImagePicker.swift */,
				6B4795892B5DB805004A834D /* InputView.swift */,
				6B4795A72B62DA05004A834D /* NavButton.swift */,
				6B88C74C2B6331DE00371317 /* ValidationNotificationView.swift */,
			);
			path = Components;
			sourceTree = "<group>";
		};
		6B4795822B5DB6ED004A834D /* App */ = {
			isa = PBXGroup;
			children = (
				6B4795562B5DB6C3004A834D /* MogBattleApp.swift */,
			);
			path = App;
			sourceTree = "<group>";
		};
		6B4795832B5DB6F4004A834D /* Model */ = {
			isa = PBXGroup;
			children = (
				6B88C7432B62F63700371317 /* User.swift */,
			);
			path = Model;
			sourceTree = "<group>";
		};
		6B4795842B5DB703004A834D /* Root */ = {
			isa = PBXGroup;
			children = (
				6B4795582B5DB6C3004A834D /* ContentView.swift */,
			);
			path = Root;
			sourceTree = "<group>";
		};
		6B4795852B5DB73A004A834D /* Authentication */ = {
			isa = PBXGroup;
			children = (
				6B47958B2B5DC204004A834D /* Validators */,
				6B4795A02B62D2F6004A834D /* ViewModel */,
				6B47959F2B62D2EA004A834D /* View */,
			);
			path = Authentication;
			sourceTree = "<group>";
		};
		6B4795862B5DB741004A834D /* Profile */ = {
			isa = PBXGroup;
			children = (
				6B88C7482B6319E000371317 /* ProfileView.swift */,
			);
			path = Profile;
			sourceTree = "<group>";
		};
		6B47958B2B5DC204004A834D /* Validators */ = {
			isa = PBXGroup;
			children = (
				6B47958C2B5DC243004A834D /* Validator.swift */,
			);
			path = Validators;
			sourceTree = "<group>";
		};
		6B47959F2B62D2EA004A834D /* View */ = {
			isa = PBXGroup;
			children = (
				6B4795872B5DB765004A834D /* SignupView.swift */,
				6B47958E2B5DECD7004A834D /* SignupPasswordView.swift */,
				6B4795A32B62D485004A834D /* SignupUsernameView.swift */,
				6B4795A52B62D8F3004A834D /* LoginView.swift */,
				6B4795A92B62DF2A004A834D /* StartscreenView.swift */,
			);
			path = View;
			sourceTree = "<group>";
		};
		6B4795A02B62D2F6004A834D /* ViewModel */ = {
			isa = PBXGroup;
			children = (
				6B4795A12B62D316004A834D /* AuthViewModel.swift */,
			);
			path = ViewModel;
			sourceTree = "<group>";
		};
		6B88C74E2B6402E200371317 /* Voting */ = {
			isa = PBXGroup;
			children = (
				6B88C74F2B6402F300371317 /* VotingView.swift */,
			);
			path = Voting;
			sourceTree = "<group>";
		};
		6B88C7552B65A99100371317 /* Functionality */ = {
			isa = PBXGroup;
			children = (
				6B4795862B5DB741004A834D /* Profile */,
				6B88C74E2B6402E200371317 /* Voting */,
			);
			path = Functionality;
			sourceTree = "<group>";
		};
/* End PBXGroup section */

/* Begin PBXNativeTarget section */
		6B4795522B5DB6C3004A834D /* MogBattle */ = {
			isa = PBXNativeTarget;
			buildConfigurationList = 6B4795772B5DB6C6004A834D /* Build configuration list for PBXNativeTarget "MogBattle" */;
			buildPhases = (
				6B47954F2B5DB6C3004A834D /* Sources */,
				6B4795502B5DB6C3004A834D /* Frameworks */,
				6B4795512B5DB6C3004A834D /* Resources */,
			);
			buildRules = (
			);
			dependencies = (
			);
			name = MogBattle;
			packageProductDependencies = (
				6B4795972B62D2A9004A834D /* FirebaseAuth */,
				6B4795992B62D2A9004A834D /* FirebaseFirestore */,
				6B47959B2B62D2A9004A834D /* FirebaseFirestoreSwift */,
				6B47959D2B62D2A9004A834D /* FirebaseStorage */,
			);
			productName = MogBattle;
			productReference = 6B4795532B5DB6C3004A834D /* MogBattle.app */;
			productType = "com.apple.product-type.application";
		};
		6B4795622B5DB6C6004A834D /* MogBattleTests */ = {
			isa = PBXNativeTarget;
			buildConfigurationList = 6B47957A2B5DB6C6004A834D /* Build configuration list for PBXNativeTarget "MogBattleTests" */;
			buildPhases = (
				6B47955F2B5DB6C6004A834D /* Sources */,
				6B4795602B5DB6C6004A834D /* Frameworks */,
				6B4795612B5DB6C6004A834D /* Resources */,
			);
			buildRules = (
			);
			dependencies = (
				6B4795652B5DB6C6004A834D /* PBXTargetDependency */,
			);
			name = MogBattleTests;
			productName = MogBattleTests;
			productReference = 6B4795632B5DB6C6004A834D /* MogBattleTests.xctest */;
			productType = "com.apple.product-type.bundle.unit-test";
		};
		6B47956C2B5DB6C6004A834D /* MogBattleUITests */ = {
			isa = PBXNativeTarget;
			buildConfigurationList = 6B47957D2B5DB6C6004A834D /* Build configuration list for PBXNativeTarget "MogBattleUITests" */;
			buildPhases = (
				6B4795692B5DB6C6004A834D /* Sources */,
				6B47956A2B5DB6C6004A834D /* Frameworks */,
				6B47956B2B5DB6C6004A834D /* Resources */,
			);
			buildRules = (
			);
			dependencies = (
				6B47956F2B5DB6C6004A834D /* PBXTargetDependency */,
			);
			name = MogBattleUITests;
			productName = MogBattleUITests;
			productReference = 6B47956D2B5DB6C6004A834D /* MogBattleUITests.xctest */;
			productType = "com.apple.product-type.bundle.ui-testing";
		};
/* End PBXNativeTarget section */

/* Begin PBXProject section */
		6B47954B2B5DB6C3004A834D /* Project object */ = {
			isa = PBXProject;
			attributes = {
				BuildIndependentTargetsInParallel = 1;
				LastSwiftUpdateCheck = 1520;
				LastUpgradeCheck = 1520;
				TargetAttributes = {
					6B4795522B5DB6C3004A834D = {
						CreatedOnToolsVersion = 15.2;
					};
					6B4795622B5DB6C6004A834D = {
						CreatedOnToolsVersion = 15.2;
						TestTargetID = 6B4795522B5DB6C3004A834D;
					};
					6B47956C2B5DB6C6004A834D = {
						CreatedOnToolsVersion = 15.2;
						TestTargetID = 6B4795522B5DB6C3004A834D;
					};
				};
			};
			buildConfigurationList = 6B47954E2B5DB6C3004A834D /* Build configuration list for PBXProject "MogBattle" */;
			compatibilityVersion = "Xcode 14.0";
			developmentRegion = en;
			hasScannedForEncodings = 0;
			knownRegions = (
				en,
				Base,
			);
			mainGroup = 6B47954A2B5DB6C3004A834D;
			packageReferences = (
				6B4795962B62D2A8004A834D /* XCRemoteSwiftPackageReference "firebase-ios-sdk" */,
			);
			productRefGroup = 6B4795542B5DB6C3004A834D /* Products */;
			projectDirPath = "";
			projectRoot = "";
			targets = (
				6B4795522B5DB6C3004A834D /* MogBattle */,
				6B4795622B5DB6C6004A834D /* MogBattleTests */,
				6B47956C2B5DB6C6004A834D /* MogBattleUITests */,
			);
		};
/* End PBXProject section */

/* Begin PBXResourcesBuildPhase section */
		6B4795512B5DB6C3004A834D /* Resources */ = {
			isa = PBXResourcesBuildPhase;
			buildActionMask = 2147483647;
			files = (
				6B47955E2B5DB6C5004A834D /* Preview Assets.xcassets in Resources */,
				6B47955B2B5DB6C5004A834D /* Assets.xcassets in Resources */,
				6B4795952B62D0E6004A834D /* GoogleService-Info.plist in Resources */,
			);
			runOnlyForDeploymentPostprocessing = 0;
		};
		6B4795612B5DB6C6004A834D /* Resources */ = {
			isa = PBXResourcesBuildPhase;
			buildActionMask = 2147483647;
			files = (
			);
			runOnlyForDeploymentPostprocessing = 0;
		};
		6B47956B2B5DB6C6004A834D /* Resources */ = {
			isa = PBXResourcesBuildPhase;
			buildActionMask = 2147483647;
			files = (
			);
			runOnlyForDeploymentPostprocessing = 0;
		};
/* End PBXResourcesBuildPhase section */

/* Begin PBXSourcesBuildPhase section */
		6B47954F2B5DB6C3004A834D /* Sources */ = {
			isa = PBXSourcesBuildPhase;
			buildActionMask = 2147483647;
			files = (
				6B4795882B5DB765004A834D /* SignupView.swift in Sources */,
				6B88C74D2B6331DE00371317 /* ValidationNotificationView.swift in Sources */,
				6B88C7582B65A9BF00371317 /* StaticUIView.swift in Sources */,
				6B88C7542B6577E100371317 /* ImagePicker.swift in Sources */,
				6B47958A2B5DB805004A834D /* InputView.swift in Sources */,
				6B4795AA2B62DF2A004A834D /* StartscreenView.swift in Sources */,
				6B4795A62B62D8F3004A834D /* LoginView.swift in Sources */,
				6B47958D2B5DC243004A834D /* Validator.swift in Sources */,
				6B4795A22B62D316004A834D /* AuthViewModel.swift in Sources */,
				6B4795A42B62D485004A834D /* SignupUsernameView.swift in Sources */,
				6B47958F2B5DECD7004A834D /* SignupPasswordView.swift in Sources */,
				6B88C7442B62F63700371317 /* User.swift in Sources */,
				6B4795592B5DB6C3004A834D /* ContentView.swift in Sources */,
				6B4795572B5DB6C3004A834D /* MogBattleApp.swift in Sources */,
				6B88C7502B6402F300371317 /* VotingView.swift in Sources */,
				6B88C7492B6319E000371317 /* ProfileView.swift in Sources */,
				6B4795A82B62DA05004A834D /* NavButton.swift in Sources */,
			);
			runOnlyForDeploymentPostprocessing = 0;
		};
		6B47955F2B5DB6C6004A834D /* Sources */ = {
			isa = PBXSourcesBuildPhase;
			buildActionMask = 2147483647;
			files = (
				6B4795682B5DB6C6004A834D /* MogBattleTests.swift in Sources */,
			);
			runOnlyForDeploymentPostprocessing = 0;
		};
		6B4795692B5DB6C6004A834D /* Sources */ = {
			isa = PBXSourcesBuildPhase;
			buildActionMask = 2147483647;
			files = (
				6B4795742B5DB6C6004A834D /* MogBattleUITestsLaunchTests.swift in Sources */,
				6B4795722B5DB6C6004A834D /* MogBattleUITests.swift in Sources */,
			);
			runOnlyForDeploymentPostprocessing = 0;
		};
/* End PBXSourcesBuildPhase section */

/* Begin PBXTargetDependency section */
		6B4795652B5DB6C6004A834D /* PBXTargetDependency */ = {
			isa = PBXTargetDependency;
			target = 6B4795522B5DB6C3004A834D /* MogBattle */;
			targetProxy = 6B4795642B5DB6C6004A834D /* PBXContainerItemProxy */;
		};
		6B47956F2B5DB6C6004A834D /* PBXTargetDependency */ = {
			isa = PBXTargetDependency;
			target = 6B4795522B5DB6C3004A834D /* MogBattle */;
			targetProxy = 6B47956E2B5DB6C6004A834D /* PBXContainerItemProxy */;
		};
/* End PBXTargetDependency section */

/* Begin XCBuildConfiguration section */
		6B4795752B5DB6C6004A834D /* Debug */ = {
			isa = XCBuildConfiguration;
			buildSettings = {
				ALWAYS_SEARCH_USER_PATHS = NO;
				ASSETCATALOG_COMPILER_GENERATE_SWIFT_ASSET_SYMBOL_EXTENSIONS = YES;
				CLANG_ANALYZER_NONNULL = YES;
				CLANG_ANALYZER_NUMBER_OBJECT_CONVERSION = YES_AGGRESSIVE;
				CLANG_CXX_LANGUAGE_STANDARD = "gnu++20";
				CLANG_ENABLE_MODULES = YES;
				CLANG_ENABLE_OBJC_ARC = YES;
				CLANG_ENABLE_OBJC_WEAK = YES;
				CLANG_WARN_BLOCK_CAPTURE_AUTORELEASING = YES;
				CLANG_WARN_BOOL_CONVERSION = YES;
				CLANG_WARN_COMMA = YES;
				CLANG_WARN_CONSTANT_CONVERSION = YES;
				CLANG_WARN_DEPRECATED_OBJC_IMPLEMENTATIONS = YES;
				CLANG_WARN_DIRECT_OBJC_ISA_USAGE = YES_ERROR;
				CLANG_WARN_DOCUMENTATION_COMMENTS = YES;
				CLANG_WARN_EMPTY_BODY = YES;
				CLANG_WARN_ENUM_CONVERSION = YES;
				CLANG_WARN_INFINITE_RECURSION = YES;
				CLANG_WARN_INT_CONVERSION = YES;
				CLANG_WARN_NON_LITERAL_NULL_CONVERSION = YES;
				CLANG_WARN_OBJC_IMPLICIT_RETAIN_SELF = YES;
				CLANG_WARN_OBJC_LITERAL_CONVERSION = YES;
				CLANG_WARN_OBJC_ROOT_CLASS = YES_ERROR;
				CLANG_WARN_QUOTED_INCLUDE_IN_FRAMEWORK_HEADER = YES;
				CLANG_WARN_RANGE_LOOP_ANALYSIS = YES;
				CLANG_WARN_STRICT_PROTOTYPES = YES;
				CLANG_WARN_SUSPICIOUS_MOVE = YES;
				CLANG_WARN_UNGUARDED_AVAILABILITY = YES_AGGRESSIVE;
				CLANG_WARN_UNREACHABLE_CODE = YES;
				CLANG_WARN__DUPLICATE_METHOD_MATCH = YES;
				COPY_PHASE_STRIP = NO;
				DEBUG_INFORMATION_FORMAT = dwarf;
				ENABLE_STRICT_OBJC_MSGSEND = YES;
				ENABLE_TESTABILITY = YES;
				ENABLE_USER_SCRIPT_SANDBOXING = YES;
				GCC_C_LANGUAGE_STANDARD = gnu17;
				GCC_DYNAMIC_NO_PIC = NO;
				GCC_NO_COMMON_BLOCKS = YES;
				GCC_OPTIMIZATION_LEVEL = 0;
				GCC_PREPROCESSOR_DEFINITIONS = (
					"DEBUG=1",
					"$(inherited)",
				);
				GCC_WARN_64_TO_32_BIT_CONVERSION = YES;
				GCC_WARN_ABOUT_RETURN_TYPE = YES_ERROR;
				GCC_WARN_UNDECLARED_SELECTOR = YES;
				GCC_WARN_UNINITIALIZED_AUTOS = YES_AGGRESSIVE;
				GCC_WARN_UNUSED_FUNCTION = YES;
				GCC_WARN_UNUSED_VARIABLE = YES;
				IPHONEOS_DEPLOYMENT_TARGET = 17.2;
				LOCALIZATION_PREFERS_STRING_CATALOGS = YES;
				MTL_ENABLE_DEBUG_INFO = INCLUDE_SOURCE;
				MTL_FAST_MATH = YES;
				ONLY_ACTIVE_ARCH = YES;
				SDKROOT = iphoneos;
				SWIFT_ACTIVE_COMPILATION_CONDITIONS = "DEBUG $(inherited)";
				SWIFT_OPTIMIZATION_LEVEL = "-Onone";
			};
			name = Debug;
		};
		6B4795762B5DB6C6004A834D /* Release */ = {
			isa = XCBuildConfiguration;
			buildSettings = {
				ALWAYS_SEARCH_USER_PATHS = NO;
				ASSETCATALOG_COMPILER_GENERATE_SWIFT_ASSET_SYMBOL_EXTENSIONS = YES;
				CLANG_ANALYZER_NONNULL = YES;
				CLANG_ANALYZER_NUMBER_OBJECT_CONVERSION = YES_AGGRESSIVE;
				CLANG_CXX_LANGUAGE_STANDARD = "gnu++20";
				CLANG_ENABLE_MODULES = YES;
				CLANG_ENABLE_OBJC_ARC = YES;
				CLANG_ENABLE_OBJC_WEAK = YES;
				CLANG_WARN_BLOCK_CAPTURE_AUTORELEASING = YES;
				CLANG_WARN_BOOL_CONVERSION = YES;
				CLANG_WARN_COMMA = YES;
				CLANG_WARN_CONSTANT_CONVERSION = YES;
				CLANG_WARN_DEPRECATED_OBJC_IMPLEMENTATIONS = YES;
				CLANG_WARN_DIRECT_OBJC_ISA_USAGE = YES_ERROR;
				CLANG_WARN_DOCUMENTATION_COMMENTS = YES;
				CLANG_WARN_EMPTY_BODY = YES;
				CLANG_WARN_ENUM_CONVERSION = YES;
				CLANG_WARN_INFINITE_RECURSION = YES;
				CLANG_WARN_INT_CONVERSION = YES;
				CLANG_WARN_NON_LITERAL_NULL_CONVERSION = YES;
				CLANG_WARN_OBJC_IMPLICIT_RETAIN_SELF = YES;
				CLANG_WARN_OBJC_LITERAL_CONVERSION = YES;
				CLANG_WARN_OBJC_ROOT_CLASS = YES_ERROR;
				CLANG_WARN_QUOTED_INCLUDE_IN_FRAMEWORK_HEADER = YES;
				CLANG_WARN_RANGE_LOOP_ANALYSIS = YES;
				CLANG_WARN_STRICT_PROTOTYPES = YES;
				CLANG_WARN_SUSPICIOUS_MOVE = YES;
				CLANG_WARN_UNGUARDED_AVAILABILITY = YES_AGGRESSIVE;
				CLANG_WARN_UNREACHABLE_CODE = YES;
				CLANG_WARN__DUPLICATE_METHOD_MATCH = YES;
				COPY_PHASE_STRIP = NO;
				DEBUG_INFORMATION_FORMAT = "dwarf-with-dsym";
				ENABLE_NS_ASSERTIONS = NO;
				ENABLE_STRICT_OBJC_MSGSEND = YES;
				ENABLE_USER_SCRIPT_SANDBOXING = YES;
				GCC_C_LANGUAGE_STANDARD = gnu17;
				GCC_NO_COMMON_BLOCKS = YES;
				GCC_WARN_64_TO_32_BIT_CONVERSION = YES;
				GCC_WARN_ABOUT_RETURN_TYPE = YES_ERROR;
				GCC_WARN_UNDECLARED_SELECTOR = YES;
				GCC_WARN_UNINITIALIZED_AUTOS = YES_AGGRESSIVE;
				GCC_WARN_UNUSED_FUNCTION = YES;
				GCC_WARN_UNUSED_VARIABLE = YES;
				IPHONEOS_DEPLOYMENT_TARGET = 17.2;
				LOCALIZATION_PREFERS_STRING_CATALOGS = YES;
				MTL_ENABLE_DEBUG_INFO = NO;
				MTL_FAST_MATH = YES;
				SDKROOT = iphoneos;
				SWIFT_COMPILATION_MODE = wholemodule;
				VALIDATE_PRODUCT = YES;
			};
			name = Release;
		};
		6B4795782B5DB6C6004A834D /* Debug */ = {
			isa = XCBuildConfiguration;
			buildSettings = {
				ASSETCATALOG_COMPILER_APPICON_NAME = AppIcon;
				ASSETCATALOG_COMPILER_GLOBAL_ACCENT_COLOR_NAME = AccentColor;
				CODE_SIGN_STYLE = Automatic;
				CURRENT_PROJECT_VERSION = 1;
				DEVELOPMENT_ASSET_PATHS = "\"MogBattle/Preview Content\"";
				DEVELOPMENT_TEAM = ATVUL63SYF;
				ENABLE_PREVIEWS = YES;
				GENERATE_INFOPLIST_FILE = YES;
				INFOPLIST_KEY_UIApplicationSceneManifest_Generation = YES;
				INFOPLIST_KEY_UIApplicationSupportsIndirectInputEvents = YES;
				INFOPLIST_KEY_UILaunchScreen_Generation = YES;
				INFOPLIST_KEY_UISupportedInterfaceOrientations_iPad = "UIInterfaceOrientationPortrait UIInterfaceOrientationPortraitUpsideDown UIInterfaceOrientationLandscapeLeft UIInterfaceOrientationLandscapeRight";
				INFOPLIST_KEY_UISupportedInterfaceOrientations_iPhone = "UIInterfaceOrientationPortrait UIInterfaceOrientationLandscapeLeft UIInterfaceOrientationLandscapeRight";
				LD_RUNPATH_SEARCH_PATHS = (
					"$(inherited)",
					"@executable_path/Frameworks",
				);
				MARKETING_VERSION = 1.0;
				PRODUCT_BUNDLE_IDENTIFIER = harry.MogBattle;
				PRODUCT_NAME = "$(TARGET_NAME)";
				SWIFT_EMIT_LOC_STRINGS = YES;
				SWIFT_VERSION = 5.0;
				TARGETED_DEVICE_FAMILY = "1,2";
			};
			name = Debug;
		};
		6B4795792B5DB6C6004A834D /* Release */ = {
			isa = XCBuildConfiguration;
			buildSettings = {
				ASSETCATALOG_COMPILER_APPICON_NAME = AppIcon;
				ASSETCATALOG_COMPILER_GLOBAL_ACCENT_COLOR_NAME = AccentColor;
				CODE_SIGN_STYLE = Automatic;
				CURRENT_PROJECT_VERSION = 1;
				DEVELOPMENT_ASSET_PATHS = "\"MogBattle/Preview Content\"";
				DEVELOPMENT_TEAM = ATVUL63SYF;
				ENABLE_PREVIEWS = YES;
				GENERATE_INFOPLIST_FILE = YES;
				INFOPLIST_KEY_UIApplicationSceneManifest_Generation = YES;
				INFOPLIST_KEY_UIApplicationSupportsIndirectInputEvents = YES;
				INFOPLIST_KEY_UILaunchScreen_Generation = YES;
				INFOPLIST_KEY_UISupportedInterfaceOrientations_iPad = "UIInterfaceOrientationPortrait UIInterfaceOrientationPortraitUpsideDown UIInterfaceOrientationLandscapeLeft UIInterfaceOrientationLandscapeRight";
				INFOPLIST_KEY_UISupportedInterfaceOrientations_iPhone = "UIInterfaceOrientationPortrait UIInterfaceOrientationLandscapeLeft UIInterfaceOrientationLandscapeRight";
				LD_RUNPATH_SEARCH_PATHS = (
					"$(inherited)",
					"@executable_path/Frameworks",
				);
				MARKETING_VERSION = 1.0;
				PRODUCT_BUNDLE_IDENTIFIER = harry.MogBattle;
				PRODUCT_NAME = "$(TARGET_NAME)";
				SWIFT_EMIT_LOC_STRINGS = YES;
				SWIFT_VERSION = 5.0;
				TARGETED_DEVICE_FAMILY = "1,2";
			};
			name = Release;
		};
		6B47957B2B5DB6C6004A834D /* Debug */ = {
			isa = XCBuildConfiguration;
			buildSettings = {
				ALWAYS_EMBED_SWIFT_STANDARD_LIBRARIES = YES;
				BUNDLE_LOADER = "$(TEST_HOST)";
				CODE_SIGN_STYLE = Automatic;
				CURRENT_PROJECT_VERSION = 1;
				GENERATE_INFOPLIST_FILE = YES;
				IPHONEOS_DEPLOYMENT_TARGET = 17.2;
				MARKETING_VERSION = 1.0;
				PRODUCT_BUNDLE_IDENTIFIER = harry.MogBattleTests;
				PRODUCT_NAME = "$(TARGET_NAME)";
				SWIFT_EMIT_LOC_STRINGS = NO;
				SWIFT_VERSION = 5.0;
				TARGETED_DEVICE_FAMILY = "1,2";
				TEST_HOST = "$(BUILT_PRODUCTS_DIR)/MogBattle.app/$(BUNDLE_EXECUTABLE_FOLDER_PATH)/MogBattle";
			};
			name = Debug;
		};
		6B47957C2B5DB6C6004A834D /* Release */ = {
			isa = XCBuildConfiguration;
			buildSettings = {
				ALWAYS_EMBED_SWIFT_STANDARD_LIBRARIES = YES;
				BUNDLE_LOADER = "$(TEST_HOST)";
				CODE_SIGN_STYLE = Automatic;
				CURRENT_PROJECT_VERSION = 1;
				GENERATE_INFOPLIST_FILE = YES;
				IPHONEOS_DEPLOYMENT_TARGET = 17.2;
				MARKETING_VERSION = 1.0;
				PRODUCT_BUNDLE_IDENTIFIER = harry.MogBattleTests;
				PRODUCT_NAME = "$(TARGET_NAME)";
				SWIFT_EMIT_LOC_STRINGS = NO;
				SWIFT_VERSION = 5.0;
				TARGETED_DEVICE_FAMILY = "1,2";
				TEST_HOST = "$(BUILT_PRODUCTS_DIR)/MogBattle.app/$(BUNDLE_EXECUTABLE_FOLDER_PATH)/MogBattle";
			};
			name = Release;
		};
		6B47957E2B5DB6C6004A834D /* Debug */ = {
			isa = XCBuildConfiguration;
			buildSettings = {
				ALWAYS_EMBED_SWIFT_STANDARD_LIBRARIES = YES;
				CODE_SIGN_STYLE = Automatic;
				CURRENT_PROJECT_VERSION = 1;
				GENERATE_INFOPLIST_FILE = YES;
				MARKETING_VERSION = 1.0;
				PRODUCT_BUNDLE_IDENTIFIER = harry.MogBattleUITests;
				PRODUCT_NAME = "$(TARGET_NAME)";
				SWIFT_EMIT_LOC_STRINGS = NO;
				SWIFT_VERSION = 5.0;
				TARGETED_DEVICE_FAMILY = "1,2";
				TEST_TARGET_NAME = MogBattle;
			};
			name = Debug;
		};
		6B47957F2B5DB6C6004A834D /* Release */ = {
			isa = XCBuildConfiguration;
			buildSettings = {
				ALWAYS_EMBED_SWIFT_STANDARD_LIBRARIES = YES;
				CODE_SIGN_STYLE = Automatic;
				CURRENT_PROJECT_VERSION = 1;
				GENERATE_INFOPLIST_FILE = YES;
				MARKETING_VERSION = 1.0;
				PRODUCT_BUNDLE_IDENTIFIER = harry.MogBattleUITests;
				PRODUCT_NAME = "$(TARGET_NAME)";
				SWIFT_EMIT_LOC_STRINGS = NO;
				SWIFT_VERSION = 5.0;
				TARGETED_DEVICE_FAMILY = "1,2";
				TEST_TARGET_NAME = MogBattle;
			};
			name = Release;
		};
/* End XCBuildConfiguration section */

/* Begin XCConfigurationList section */
		6B47954E2B5DB6C3004A834D /* Build configuration list for PBXProject "MogBattle" */ = {
			isa = XCConfigurationList;
			buildConfigurations = (
				6B4795752B5DB6C6004A834D /* Debug */,
				6B4795762B5DB6C6004A834D /* Release */,
			);
			defaultConfigurationIsVisible = 0;
			defaultConfigurationName = Release;
		};
		6B4795772B5DB6C6004A834D /* Build configuration list for PBXNativeTarget "MogBattle" */ = {
			isa = XCConfigurationList;
			buildConfigurations = (
				6B4795782B5DB6C6004A834D /* Debug */,
				6B4795792B5DB6C6004A834D /* Release */,
			);
			defaultConfigurationIsVisible = 0;
			defaultConfigurationName = Release;
		};
		6B47957A2B5DB6C6004A834D /* Build configuration list for PBXNativeTarget "MogBattleTests" */ = {
			isa = XCConfigurationList;
			buildConfigurations = (
				6B47957B2B5DB6C6004A834D /* Debug */,
				6B47957C2B5DB6C6004A834D /* Release */,
			);
			defaultConfigurationIsVisible = 0;
			defaultConfigurationName = Release;
		};
		6B47957D2B5DB6C6004A834D /* Build configuration list for PBXNativeTarget "MogBattleUITests" */ = {
			isa = XCConfigurationList;
			buildConfigurations = (
				6B47957E2B5DB6C6004A834D /* Debug */,
				6B47957F2B5DB6C6004A834D /* Release */,
			);
			defaultConfigurationIsVisible = 0;
			defaultConfigurationName = Release;
		};
/* End XCConfigurationList section */

/* Begin XCRemoteSwiftPackageReference section */
		6B4795962B62D2A8004A834D /* XCRemoteSwiftPackageReference "firebase-ios-sdk" */ = {
			isa = XCRemoteSwiftPackageReference;
			repositoryURL = "https://github.com/firebase/firebase-ios-sdk";
			requirement = {
				kind = upToNextMajorVersion;
				minimumVersion = 10.20.0;
			};
		};
/* End XCRemoteSwiftPackageReference section */

/* Begin XCSwiftPackageProductDependency section */
		6B4795972B62D2A9004A834D /* FirebaseAuth */ = {
			isa = XCSwiftPackageProductDependency;
			package = 6B4795962B62D2A8004A834D /* XCRemoteSwiftPackageReference "firebase-ios-sdk" */;
			productName = FirebaseAuth;
		};
		6B4795992B62D2A9004A834D /* FirebaseFirestore */ = {
			isa = XCSwiftPackageProductDependency;
			package = 6B4795962B62D2A8004A834D /* XCRemoteSwiftPackageReference "firebase-ios-sdk" */;
			productName = FirebaseFirestore;
		};
		6B47959B2B62D2A9004A834D /* FirebaseFirestoreSwift */ = {
			isa = XCSwiftPackageProductDependency;
			package = 6B4795962B62D2A8004A834D /* XCRemoteSwiftPackageReference "firebase-ios-sdk" */;
			productName = FirebaseFirestoreSwift;
		};
		6B47959D2B62D2A9004A834D /* FirebaseStorage */ = {
			isa = XCSwiftPackageProductDependency;
			package = 6B4795962B62D2A8004A834D /* XCRemoteSwiftPackageReference "firebase-ios-sdk" */;
			productName = FirebaseStorage;
		};
/* End XCSwiftPackageProductDependency section */
	};
	rootObject = 6B47954B2B5DB6C3004A834D /* Project object */;
}
